// !$*UTF8*$!
{
	archiveVersion = 1;
	classes = {
	};
	objectVersion = 46;
	objects = {

/* Begin PBXBuildFile section */
		65BE77301DF7BD14000044FB /* main.m in Sources */ = {isa = PBXBuildFile; fileRef = 65BE772F1DF7BD14000044FB /* main.m */; };
		65BE77381DF7BD63000044FB /* PastebinAgent.m in Sources */ = {isa = PBXBuildFile; fileRef = 65BE77371DF7BD63000044FB /* PastebinAgent.m */; };
		65BE77441DF7C2B6000044FB /* NSMutableURLRequest+PasteBin.m in Sources */ = {isa = PBXBuildFile; fileRef = 65BE77431DF7C2B6000044FB /* NSMutableURLRequest+PasteBin.m */; };
		65BE7E741DF8B50300AA8F3F /* NSMutableURLRequest+DPaste.m in Sources */ = {isa = PBXBuildFile; fileRef = 65BE7E731DF8B50300AA8F3F /* NSMutableURLRequest+DPaste.m */; };
		65BE7E771DF8B74700AA8F3F /* DPasteAgent.m in Sources */ = {isa = PBXBuildFile; fileRef = 65BE7E761DF8B74700AA8F3F /* DPasteAgent.m */; };
		65BE7E7A1DF8BCE000AA8F3F /* PasteAgent.m in Sources */ = {isa = PBXBuildFile; fileRef = 65BE7E791DF8BCE000AA8F3F /* PasteAgent.m */; };
/* End PBXBuildFile section */

/* Begin PBXCopyFilesBuildPhase section */
		65BE772A1DF7BD14000044FB /* CopyFiles */ = {
			isa = PBXCopyFilesBuildPhase;
			buildActionMask = 2147483647;
			dstPath = /usr/share/man/man1/;
			dstSubfolderSpec = 0;
			files = (
			);
			runOnlyForDeploymentPostprocessing = 1;
		};
/* End PBXCopyFilesBuildPhase section */

/* Begin PBXFileReference section */
		65BE772C1DF7BD14000044FB /* pestobin */ = {isa = PBXFileReference; explicitFileType = "compiled.mach-o.executable"; includeInIndex = 0; path = pestobin; sourceTree = BUILT_PRODUCTS_DIR; };
		65BE772F1DF7BD14000044FB /* main.m */ = {isa = PBXFileReference; lastKnownFileType = sourcecode.c.objc; path = main.m; sourceTree = "<group>"; };
		65BE77361DF7BD63000044FB /* PastebinAgent.h */ = {isa = PBXFileReference; fileEncoding = 4; lastKnownFileType = sourcecode.c.h; path = PastebinAgent.h; sourceTree = "<group>"; };
		65BE77371DF7BD63000044FB /* PastebinAgent.m */ = {isa = PBXFileReference; fileEncoding = 4; lastKnownFileType = sourcecode.c.objc; path = PastebinAgent.m; sourceTree = "<group>"; };
		65BE77421DF7C2B6000044FB /* NSMutableURLRequest+PasteBin.h */ = {isa = PBXFileReference; fileEncoding = 4; lastKnownFileType = sourcecode.c.h; path = "NSMutableURLRequest+PasteBin.h"; sourceTree = "<group>"; };
		65BE77431DF7C2B6000044FB /* NSMutableURLRequest+PasteBin.m */ = {isa = PBXFileReference; fileEncoding = 4; lastKnownFileType = sourcecode.c.objc; path = "NSMutableURLRequest+PasteBin.m"; sourceTree = "<group>"; };
		65BE7E721DF8B50300AA8F3F /* NSMutableURLRequest+DPaste.h */ = {isa = PBXFileReference; fileEncoding = 4; lastKnownFileType = sourcecode.c.h; path = "NSMutableURLRequest+DPaste.h"; sourceTree = "<group>"; };
		65BE7E731DF8B50300AA8F3F /* NSMutableURLRequest+DPaste.m */ = {isa = PBXFileReference; fileEncoding = 4; lastKnownFileType = sourcecode.c.objc; path = "NSMutableURLRequest+DPaste.m"; sourceTree = "<group>"; };
		65BE7E751DF8B74700AA8F3F /* DPasteAgent.h */ = {isa = PBXFileReference; fileEncoding = 4; lastKnownFileType = sourcecode.c.h; path = DPasteAgent.h; sourceTree = "<group>"; };
		65BE7E761DF8B74700AA8F3F /* DPasteAgent.m */ = {isa = PBXFileReference; fileEncoding = 4; lastKnownFileType = sourcecode.c.objc; path = DPasteAgent.m; sourceTree = "<group>"; };
		65BE7E781DF8BCE000AA8F3F /* PasteAgent.h */ = {isa = PBXFileReference; fileEncoding = 4; lastKnownFileType = sourcecode.c.h; path = PasteAgent.h; sourceTree = "<group>"; };
		65BE7E791DF8BCE000AA8F3F /* PasteAgent.m */ = {isa = PBXFileReference; fileEncoding = 4; lastKnownFileType = sourcecode.c.objc; path = PasteAgent.m; sourceTree = "<group>"; };
/* End PBXFileReference section */

/* Begin PBXFrameworksBuildPhase section */
		65BE77291DF7BD14000044FB /* Frameworks */ = {
			isa = PBXFrameworksBuildPhase;
			buildActionMask = 2147483647;
			files = (
			);
			runOnlyForDeploymentPostprocessing = 0;
		};
/* End PBXFrameworksBuildPhase section */

/* Begin PBXGroup section */
		65BE77231DF7BD14000044FB = {
			isa = PBXGroup;
			children = (
				65BE772E1DF7BD14000044FB /* pestobin */,
				65BE772D1DF7BD14000044FB /* Products */,
			);
			sourceTree = "<group>";
		};
		65BE772D1DF7BD14000044FB /* Products */ = {
			isa = PBXGroup;
			children = (
				65BE772C1DF7BD14000044FB /* pestobin */,
			);
			name = Products;
			sourceTree = "<group>";
		};
		65BE772E1DF7BD14000044FB /* pestobin */ = {
			isa = PBXGroup;
			children = (
				65BE772F1DF7BD14000044FB /* main.m */,
				65BE77361DF7BD63000044FB /* PastebinAgent.h */,
				65BE77371DF7BD63000044FB /* PastebinAgent.m */,
				65BE77421DF7C2B6000044FB /* NSMutableURLRequest+PasteBin.h */,
				65BE77431DF7C2B6000044FB /* NSMutableURLRequest+PasteBin.m */,
				65BE7E721DF8B50300AA8F3F /* NSMutableURLRequest+DPaste.h */,
				65BE7E731DF8B50300AA8F3F /* NSMutableURLRequest+DPaste.m */,
				65BE7E751DF8B74700AA8F3F /* DPasteAgent.h */,
				65BE7E761DF8B74700AA8F3F /* DPasteAgent.m */,
				65BE7E781DF8BCE000AA8F3F /* PasteAgent.h */,
				65BE7E791DF8BCE000AA8F3F /* PasteAgent.m */,
			);
			path = pestobin;
			sourceTree = SOURCE_ROOT;
		};
/* End PBXGroup section */

/* Begin PBXNativeTarget section */
		65BE772B1DF7BD14000044FB /* pestobin */ = {
			isa = PBXNativeTarget;
			buildConfigurationList = 65BE77331DF7BD14000044FB /* Build configuration list for PBXNativeTarget "pestobin" */;
			buildPhases = (
				65BE77281DF7BD14000044FB /* Sources */,
				65BE77291DF7BD14000044FB /* Frameworks */,
				65BE772A1DF7BD14000044FB /* CopyFiles */,
			);
			buildRules = (
			);
			dependencies = (
			);
			name = pestobin;
			productName = pestobin;
			productReference = 65BE772C1DF7BD14000044FB /* pestobin */;
			productType = "com.apple.product-type.tool";
		};
/* End PBXNativeTarget section */

/* Begin PBXProject section */
		65BE77241DF7BD14000044FB /* Project object */ = {
			isa = PBXProject;
			attributes = {
				LastUpgradeCheck = 0730;
				ORGANIZATIONNAME = blowdup;
				TargetAttributes = {
					65BE772B1DF7BD14000044FB = {
						CreatedOnToolsVersion = 7.3.1;
					};
				};
			};
			buildConfigurationList = 65BE77271DF7BD14000044FB /* Build configuration list for PBXProject "pestobin" */;
			compatibilityVersion = "Xcode 3.2";
			developmentRegion = English;
			hasScannedForEncodings = 0;
			knownRegions = (
				en,
			);
			mainGroup = 65BE77231DF7BD14000044FB;
			productRefGroup = 65BE772D1DF7BD14000044FB /* Products */;
			projectDirPath = "";
			projectRoot = "";
			targets = (
				65BE772B1DF7BD14000044FB /* pestobin */,
			);
		};
/* End PBXProject section */

/* Begin PBXSourcesBuildPhase section */
		65BE77281DF7BD14000044FB /* Sources */ = {
			isa = PBXSourcesBuildPhase;
			buildActionMask = 2147483647;
			files = (
				65BE77381DF7BD63000044FB /* PastebinAgent.m in Sources */,
				65BE77441DF7C2B6000044FB /* NSMutableURLRequest+PasteBin.m in Sources */,
				65BE7E741DF8B50300AA8F3F /* NSMutableURLRequest+DPaste.m in Sources */,
				65BE7E771DF8B74700AA8F3F /* DPasteAgent.m in Sources */,
				65BE77301DF7BD14000044FB /* main.m in Sources */,
				65BE7E7A1DF8BCE000AA8F3F /* PasteAgent.m in Sources */,
			);
			runOnlyForDeploymentPostprocessing = 0;
		};
/* End PBXSourcesBuildPhase section */

/* Begin XCBuildConfiguration section */
		65BE77311DF7BD14000044FB /* Debug */ = {
			isa = XCBuildConfiguration;
			buildSettings = {
				ALWAYS_SEARCH_USER_PATHS = NO;
				CLANG_ANALYZER_NONNULL = YES;
				CLANG_CXX_LANGUAGE_STANDARD = "gnu++0x";
				CLANG_CXX_LIBRARY = "libc++";
				CLANG_ENABLE_MODULES = YES;
				CLANG_ENABLE_OBJC_ARC = YES;
				CLANG_WARN_BOOL_CONVERSION = YES;
				CLANG_WARN_CONSTANT_CONVERSION = YES;
				CLANG_WARN_DIRECT_OBJC_ISA_USAGE = YES_ERROR;
				CLANG_WARN_EMPTY_BODY = YES;
				CLANG_WARN_ENUM_CONVERSION = YES;
				CLANG_WARN_INT_CONVERSION = YES;
				CLANG_WARN_OBJC_ROOT_CLASS = YES_ERROR;
				CLANG_WARN_UNREACHABLE_CODE = YES;
				CLANG_WARN__DUPLICATE_METHOD_MATCH = YES;
				CODE_SIGN_IDENTITY = "-";
				COPY_PHASE_STRIP = NO;
				DEBUG_INFORMATION_FORMAT = dwarf;
				ENABLE_STRICT_OBJC_MSGSEND = YES;
				ENABLE_TESTABILITY = YES;
				GCC_C_LANGUAGE_STANDARD = gnu99;
				GCC_DYNAMIC_NO_PIC = NO;
				GCC_NO_COMMON_BLOCKS = YES;
				GCC_OPTIMIZATION_LEVEL = 0;
				GCC_PREPROCESSOR_DEFINITIONS = (
					"DEBUG=1",
					"$(inherited)",
				);
				GCC_WARN_64_TO_32_BIT_CONVERSION = YES;
				GCC_WARN_ABOUT_RETURN_TYPE = YES_ERROR;
				GCC_WARN_UNDECLARED_SELECTOR = YES;
				GCC_WARN_UNINITIALIZED_AUTOS = YES_AGGRESSIVE;
				GCC_WARN_UNUSED_FUNCTION = YES;
				GCC_WARN_UNUSED_VARIABLE = YES;
				MACOSX_DEPLOYMENT_TARGET = 10.11;
				MTL_ENABLE_DEBUG_INFO = YES;
				ONLY_ACTIVE_ARCH = YES;
				SDKROOT = macosx;
			};
			name = Debug;
		};
		65BE77321DF7BD14000044FB /* Release */ = {
			isa = XCBuildConfiguration;
			buildSettings = {
				ALWAYS_SEARCH_USER_PATHS = NO;
				CLANG_ANALYZER_NONNULL = YES;
				CLANG_CXX_LANGUAGE_STANDARD = "gnu++0x";
				CLANG_CXX_LIBRARY = "libc++";
				CLANG_ENABLE_MODULES = YES;
				CLANG_ENABLE_OBJC_ARC = YES;
				CLANG_WARN_BOOL_CONVERSION = YES;
				CLANG_WARN_CONSTANT_CONVERSION = YES;
				CLANG_WARN_DIRECT_OBJC_ISA_USAGE = YES_ERROR;
				CLANG_WARN_EMPTY_BODY = YES;
				CLANG_WARN_ENUM_CONVERSION = YES;
				CLANG_WARN_INT_CONVERSION = YES;
				CLANG_WARN_OBJC_ROOT_CLASS = YES_ERROR;
				CLANG_WARN_UNREACHABLE_CODE = YES;
				CLANG_WARN__DUPLICATE_METHOD_MATCH = YES;
				CODE_SIGN_IDENTITY = "-";
				COPY_PHASE_STRIP = NO;
				DEBUG_INFORMATION_FORMAT = "dwarf-with-dsym";
				ENABLE_NS_ASSERTIONS = NO;
				ENABLE_STRICT_OBJC_MSGSEND = YES;
				GCC_C_LANGUAGE_STANDARD = gnu99;
				GCC_NO_COMMON_BLOCKS = YES;
				GCC_WARN_64_TO_32_BIT_CONVERSION = YES;
				GCC_WARN_ABOUT_RETURN_TYPE = YES_ERROR;
				GCC_WARN_UNDECLARED_SELECTOR = YES;
				GCC_WARN_UNINITIALIZED_AUTOS = YES_AGGRESSIVE;
				GCC_WARN_UNUSED_FUNCTION = YES;
				GCC_WARN_UNUSED_VARIABLE = YES;
				MACOSX_DEPLOYMENT_TARGET = 10.11;
				MTL_ENABLE_DEBUG_INFO = NO;
				SDKROOT = macosx;
			};
			name = Release;
		};
		65BE77341DF7BD14000044FB /* Debug */ = {
			isa = XCBuildConfiguration;
			buildSettings = {
				PRODUCT_NAME = pestobin;
			};
			name = Debug;
		};
		65BE77351DF7BD14000044FB /* Release */ = {
			isa = XCBuildConfiguration;
			buildSettings = {
				PRODUCT_NAME = pestobin;
			};
			name = Release;
		};
/* End XCBuildConfiguration section */

/* Begin XCConfigurationList section */
		65BE77271DF7BD14000044FB /* Build configuration list for PBXProject "pestobin" */ = {
			isa = XCConfigurationList;
			buildConfigurations = (
				65BE77311DF7BD14000044FB /* Debug */,
				65BE77321DF7BD14000044FB /* Release */,
			);
			defaultConfigurationIsVisible = 0;
			defaultConfigurationName = Release;
		};
		65BE77331DF7BD14000044FB /* Build configuration list for PBXNativeTarget "pestobin" */ = {
			isa = XCConfigurationList;
			buildConfigurations = (
				65BE77341DF7BD14000044FB /* Debug */,
				65BE77351DF7BD14000044FB /* Release */,
			);
			defaultConfigurationIsVisible = 0;
			defaultConfigurationName = Release;
		};
/* End XCConfigurationList section */
	};
	rootObject = 65BE77241DF7BD14000044FB /* Project object */;
}
